
Microsoft Visual Studio Solution File, Format Version 12.00
# Visual Studio Version 16
VisualStudioVersion = 16.0.30128.74
MinimumVisualStudioVersion = 10.0.40219.1
Project("{FAE04EC0-301F-11D3-BF4B-00C04F79EFBC}") = "Tavi.WebDemoG2", "Tavi.WebDemoG2\Tavi.WebDemoG2.csproj", "{769D90D1-506C-4D49-B3C6-B8546DDDA272}"
EndProject
Project("{FAE04EC0-301F-11D3-BF4B-00C04F79EFBC}") = "Tavi.Demo.G2", "Tavi.Demo.G2\Tavi.Demo.G2.csproj", "{7ADEA1FB-7DA1-48B9-B80B-96E1DD877029}"
EndProject
Global
	GlobalSection(SolutionConfigurationPlatforms) = preSolution
		Debug|Any CPU = Debug|Any CPU
		Debug|ARM = Debug|ARM
		Debug|ARM64 = Debug|ARM64
		Debug|x64 = Debug|x64
		Debug|x86 = Debug|x86
		Release|Any CPU = Release|Any CPU
		Release|ARM = Release|ARM
		Release|ARM64 = Release|ARM64
		Release|x64 = Release|x64
		Release|x86 = Release|x86
	EndGlobalSection
	GlobalSection(ProjectConfigurationPlatforms) = postSolution
		{769D90D1-506C-4D49-B3C6-B8546DDDA272}.Debug|Any CPU.ActiveCfg = Debug|Any CPU
		{769D90D1-506C-4D49-B3C6-B8546DDDA272}.Debug|Any CPU.Build.0 = Debug|Any CPU
		{769D90D1-506C-4D49-B3C6-B8546DDDA272}.Debug|ARM.ActiveCfg = Debug|Any CPU
		{769D90D1-506C-4D49-B3C6-B8546DDDA272}.Debug|ARM.Build.0 = Debug|Any CPU
		{769D90D1-506C-4D49-B3C6-B8546DDDA272}.Debug|ARM64.ActiveCfg = Debug|Any CPU
		{769D90D1-506C-4D49-B3C6-B8546DDDA272}.Debug|ARM64.Build.0 = Debug|Any CPU
		{769D90D1-506C-4D49-B3C6-B8546DDDA272}.Debug|x64.ActiveCfg = Debug|Any CPU
		{769D90D1-506C-4D49-B3C6-B8546DDDA272}.Debug|x64.Build.0 = Debug|Any CPU
		{769D90D1-506C-4D49-B3C6-B8546DDDA272}.Debug|x86.ActiveCfg = Debug|Any CPU
		{769D90D1-506C-4D49-B3C6-B8546DDDA272}.Debug|x86.Build.0 = Debug|Any CPU
		{769D90D1-506C-4D49-B3C6-B8546DDDA272}.Release|Any CPU.ActiveCfg = Release|Any CPU
		{769D90D1-506C-4D49-B3C6-B8546DDDA272}.Release|Any CPU.Build.0 = Release|Any CPU
		{769D90D1-506C-4D49-B3C6-B8546DDDA272}.Release|ARM.ActiveCfg = Release|Any CPU
		{769D90D1-506C-4D49-B3C6-B8546DDDA272}.Release|ARM.Build.0 = Release|Any CPU
		{769D90D1-506C-4D49-B3C6-B8546DDDA272}.Release|ARM64.ActiveCfg = Release|Any CPU
		{769D90D1-506C-4D49-B3C6-B8546DDDA272}.Release|ARM64.Build.0 = Release|Any CPU
		{769D90D1-506C-4D49-B3C6-B8546DDDA272}.Release|x64.ActiveCfg = Release|Any CPU
		{769D90D1-506C-4D49-B3C6-B8546DDDA272}.Release|x64.Build.0 = Release|Any CPU
		{769D90D1-506C-4D49-B3C6-B8546DDDA272}.Release|x86.ActiveCfg = Release|Any CPU
		{769D90D1-506C-4D49-B3C6-B8546DDDA272}.Release|x86.Build.0 = Release|Any CPU
		{7ADEA1FB-7DA1-48B9-B80B-96E1DD877029}.Debug|Any CPU.ActiveCfg = Debug|Any CPU
		{7ADEA1FB-7DA1-48B9-B80B-96E1DD877029}.Debug|Any CPU.Build.0 = Debug|Any CPU
		{7ADEA1FB-7DA1-48B9-B80B-96E1DD877029}.Debug|ARM.ActiveCfg = Debug|Any CPU
		{7ADEA1FB-7DA1-48B9-B80B-96E1DD877029}.Debug|ARM.Build.0 = Debug|Any CPU
		{7ADEA1FB-7DA1-48B9-B80B-96E1DD877029}.Debug|ARM64.ActiveCfg = Debug|Any CPU
		{7ADEA1FB-7DA1-48B9-B80B-96E1DD877029}.Debug|ARM64.Build.0 = Debug|Any CPU
		{7ADEA1FB-7DA1-48B9-B80B-96E1DD877029}.Debug|x64.ActiveCfg = Debug|Any CPU
		{7ADEA1FB-7DA1-48B9-B80B-96E1DD877029}.Debug|x64.Build.0 = Debug|Any CPU
		{7ADEA1FB-7DA1-48B9-B80B-96E1DD877029}.Debug|x86.ActiveCfg = Debug|Any CPU
		{7ADEA1FB-7DA1-48B9-B80B-96E1DD877029}.Debug|x86.Build.0 = Debug|Any CPU
		{7ADEA1FB-7DA1-48B9-B80B-96E1DD877029}.Release|Any CPU.ActiveCfg = Release|Any CPU
		{7ADEA1FB-7DA1-48B9-B80B-96E1DD877029}.Release|Any CPU.Build.0 = Release|Any CPU
		{7ADEA1FB-7DA1-48B9-B80B-96E1DD877029}.Release|ARM.ActiveCfg = Release|Any CPU
		{7ADEA1FB-7DA1-48B9-B80B-96E1DD877029}.Release|ARM.Build.0 = Release|Any CPU
		{7ADEA1FB-7DA1-48B9-B80B-96E1DD877029}.Release|ARM64.ActiveCfg = Release|Any CPU
		{7ADEA1FB-7DA1-48B9-B80B-96E1DD877029}.Release|ARM64.Build.0 = Release|Any CPU
		{7ADEA1FB-7DA1-48B9-B80B-96E1DD877029}.Release|x64.ActiveCfg = Release|Any CPU
		{7ADEA1FB-7DA1-48B9-B80B-96E1DD877029}.Release|x64.Build.0 = Release|Any CPU
		{7ADEA1FB-7DA1-48B9-B80B-96E1DD877029}.Release|x86.ActiveCfg = Release|Any CPU
		{7ADEA1FB-7DA1-48B9-B80B-96E1DD877029}.Release|x86.Build.0 = Release|Any CPU
	EndGlobalSection
	GlobalSection(SolutionProperties) = preSolution
		HideSolutionNode = FALSE
	EndGlobalSection
	GlobalSection(ExtensibilityGlobals) = postSolution
		SolutionGuid = {78C3DEB7-07CA-4B20-8C2C-63F40D7F18A2}
	EndGlobalSection
EndGlobal
